
Microsoft Visual Studio Solution File, Format Version 12.00
# Visual Studio 15
VisualStudioVersion = 15.0.27130.2027
MinimumVisualStudioVersion = 10.0.40219.1
Project("{FAE04EC0-301F-11D3-BF4B-00C04F79EFBC}") = "WebApplication11", "WebApplication11\WebApplication11.csproj", "{4E9E7CF8-8794-4FF1-B850-228197E9BE33}"
EndProject
Global
	GlobalSection(SolutionConfigurationPlatforms) = preSolution
		Debug|Any CPU = Debug|Any CPU
		Release|Any CPU = Release|Any CPU
	EndGlobalSection
	GlobalSection(ProjectConfigurationPlatforms) = postSolution
		{4E9E7CF8-8794-4FF1-B850-228197E9BE33}.Debug|Any CPU.ActiveCfg = Debug|Any CPU
		{4E9E7CF8-8794-4FF1-B850-228197E9BE33}.Debug|Any CPU.Build.0 = Debug|Any CPU
		{4E9E7CF8-8794-4FF1-B850-228197E9BE33}.Release|Any CPU.ActiveCfg = Release|Any CPU
		{4E9E7CF8-8794-4FF1-B850-228197E9BE33}.Release|Any CPU.Build.0 = Release|Any CPU
	EndGlobalSection
	GlobalSection(SolutionProperties) = preSolution
		HideSolutionNode = FALSE
	EndGlobalSection
	GlobalSection(ExtensibilityGlobals) = postSolution
		SolutionGuid = {77580169-D377-4429-A8E9-96F3C7841878}
	EndGlobalSection
EndGlobal
